
Microsoft Visual Studio Solution File, Format Version 12.00
# Visual Studio Version 16
VisualStudioVersion = 25.0.1706.0
MinimumVisualStudioVersion = 10.0.40219.1
Project("{FAE04EC0-301F-11D3-BF4B-00C04F79EFBC}") = "NGigGossip4Nostr", "NGigGossip4Nostr\NGigGossip4Nostr.csproj", "{CF52BC74-EABB-4206-95BA-3348F1CDCE94}"
EndProject
Project("{FAE04EC0-301F-11D3-BF4B-00C04F79EFBC}") = "CryptoTest", "CryptoTest\CryptoTest.csproj", "{F95166CD-AD80-4A66-AEB5-BC0F8385DCAD}"
EndProject
Project("{FAE04EC0-301F-11D3-BF4B-00C04F79EFBC}") = "GigWorkerTest", "GigWorkerTest\GigWorkerTest.csproj", "{0D21E0CF-2DB3-462E-949D-58F3C175CCBE}"
EndProject
Project("{FAE04EC0-301F-11D3-BF4B-00C04F79EFBC}") = "GigGossipSettlerAPI", "GigGossipSettlerAPI\GigGossipSettlerAPI.csproj", "{41FE5BC4-4E78-419D-8F3D-B6FF25C31D50}"
EndProject
Project("{FAE04EC0-301F-11D3-BF4B-00C04F79EFBC}") = "LNDTest", "LNDTest\LNDTest.csproj", "{4301AAAB-CCB0-4EF6-9865-9B9D498961FC}"
EndProject
Project("{FAE04EC0-301F-11D3-BF4B-00C04F79EFBC}") = "LNDClient", "LNDClient\LNDClient.csproj", "{C2B516A6-0373-4D4A-B6C1-1E92402AFB85}"
EndProject
Project("{FAE04EC0-301F-11D3-BF4B-00C04F79EFBC}") = "GigLNDWalletAPI", "GigLNDWalletAPI\GigLNDWalletAPI.csproj", "{12A09756-571F-459B-91B0-70116D35C925}"
EndProject
Project("{FAE04EC0-301F-11D3-BF4B-00C04F79EFBC}") = "CryptoToolkit", "CryptoToolkit\CryptoToolkit.csproj", "{49F8A97E-9B1A-4367-B149-0ACDEB7D2E01}"
EndProject
Project("{FAE04EC0-301F-11D3-BF4B-00C04F79EFBC}") = "BTCTest", "BTCTest\BTCTest.csproj", "{B6AC8122-016B-4585-B374-6410078E5DA8}"
EndProject
Project("{FAE04EC0-301F-11D3-BF4B-00C04F79EFBC}") = "LNDWallet", "LNDWallet\LNDWallet.csproj", "{7AC9E7A0-FBE1-4712-BBA0-AA20AE7AF56D}"
EndProject
Project("{FAE04EC0-301F-11D3-BF4B-00C04F79EFBC}") = "GigLNDWalletAPIClient", "GigLNDWalletAPIClient\GigLNDWalletAPIClient.csproj", "{7D63B553-7C59-4831-9F05-9CB239CA95F1}"
EndProject
Project("{FAE04EC0-301F-11D3-BF4B-00C04F79EFBC}") = "GigGossipSettler", "GigGossipSettler\GigGossipSettler.csproj", "{D25D36D3-8623-4EBA-ACB3-D4833C70B031}"
EndProject
Project("{FAE04EC0-301F-11D3-BF4B-00C04F79EFBC}") = "GigGossipFrames", "GigGossipFrames\GigGossipFrames.csproj", "{55C9958C-931E-46E1-9B12-9115ABEFC176}"
EndProject
Project("{FAE04EC0-301F-11D3-BF4B-00C04F79EFBC}") = "GigGossipSettlerAPIClient", "GigGossipSettlerAPIClient\GigGossipSettlerAPIClient.csproj", "{2DD23402-CBF8-4DAF-BA82-C9341200A7F2}"
EndProject
Project("{FAE04EC0-301F-11D3-BF4B-00C04F79EFBC}") = "RideShareCLIApp", "RideShareCLIApp\RideShareCLIApp.csproj", "{F155F8F4-3EC0-4583-8F04-72786A2E0BF8}"
EndProject
Project("{FAE04EC0-301F-11D3-BF4B-00C04F79EFBC}") = "SpectreCLITest", "SpectreCLITest\SpectreCLITest.csproj", "{F40EE483-E65E-4E3D-949F-D722479D0513}"
EndProject
Project("{FAE04EC0-301F-11D3-BF4B-00C04F79EFBC}") = "RideShareFrames", "RideShareFrames\RideShareFrames.csproj", "{0D8D178A-0B80-4A27-83A3-0D35044E2030}"
EndProject
Project("{FAE04EC0-301F-11D3-BF4B-00C04F79EFBC}") = "OSRMTest", "OSRMTest\OSRMTest.csproj", "{05C3915E-9E15-4290-A2CB-B6B31E9602FF}"
EndProject
Project("{FAE04EC0-301F-11D3-BF4B-00C04F79EFBC}") = "GigLNDWalletCLI", "GigLNDWalletCLI\GigLNDWalletCLI.csproj", "{8E0DC225-4410-4858-9F32-3E7CA956B7CA}"
EndProject
Project("{FAE04EC0-301F-11D3-BF4B-00C04F79EFBC}") = "TraceEx", "Tracer\TraceEx.csproj", "{D5808B3F-7ABD-468C-9A78-0BA65601DA5F}"
EndProject
Project("{FAE04EC0-301F-11D3-BF4B-00C04F79EFBC}") = "GigDebugLoggerAPI", "GigDebugLoggerAPI\GigDebugLoggerAPI.csproj", "{75E662DB-FC32-4699-8542-C6611C05D3B8}"
EndProject
Project("{FAE04EC0-301F-11D3-BF4B-00C04F79EFBC}") = "GigDebugLoggerAPIClient", "GigDebugLoggerAPIClient\GigDebugLoggerAPIClient.csproj", "{B781F879-DD04-46FB-8FB6-FBF2D3463F67}"
EndProject
Global
	GlobalSection(SolutionConfigurationPlatforms) = preSolution
		Debug|Any CPU = Debug|Any CPU
		Release|Any CPU = Release|Any CPU
	EndGlobalSection
	GlobalSection(ProjectConfigurationPlatforms) = postSolution
		{CF52BC74-EABB-4206-95BA-3348F1CDCE94}.Debug|Any CPU.ActiveCfg = Debug|Any CPU
		{CF52BC74-EABB-4206-95BA-3348F1CDCE94}.Debug|Any CPU.Build.0 = Debug|Any CPU
		{CF52BC74-EABB-4206-95BA-3348F1CDCE94}.Release|Any CPU.ActiveCfg = Release|Any CPU
		{CF52BC74-EABB-4206-95BA-3348F1CDCE94}.Release|Any CPU.Build.0 = Release|Any CPU
		{F95166CD-AD80-4A66-AEB5-BC0F8385DCAD}.Debug|Any CPU.ActiveCfg = Debug|Any CPU
		{F95166CD-AD80-4A66-AEB5-BC0F8385DCAD}.Debug|Any CPU.Build.0 = Debug|Any CPU
		{F95166CD-AD80-4A66-AEB5-BC0F8385DCAD}.Release|Any CPU.ActiveCfg = Release|Any CPU
		{F95166CD-AD80-4A66-AEB5-BC0F8385DCAD}.Release|Any CPU.Build.0 = Release|Any CPU
		{0D21E0CF-2DB3-462E-949D-58F3C175CCBE}.Debug|Any CPU.ActiveCfg = Debug|Any CPU
		{0D21E0CF-2DB3-462E-949D-58F3C175CCBE}.Debug|Any CPU.Build.0 = Debug|Any CPU
		{0D21E0CF-2DB3-462E-949D-58F3C175CCBE}.Release|Any CPU.ActiveCfg = Release|Any CPU
		{0D21E0CF-2DB3-462E-949D-58F3C175CCBE}.Release|Any CPU.Build.0 = Release|Any CPU
		{41FE5BC4-4E78-419D-8F3D-B6FF25C31D50}.Debug|Any CPU.ActiveCfg = Debug|Any CPU
		{41FE5BC4-4E78-419D-8F3D-B6FF25C31D50}.Debug|Any CPU.Build.0 = Debug|Any CPU
		{41FE5BC4-4E78-419D-8F3D-B6FF25C31D50}.Release|Any CPU.ActiveCfg = Release|Any CPU
		{41FE5BC4-4E78-419D-8F3D-B6FF25C31D50}.Release|Any CPU.Build.0 = Release|Any CPU
		{4301AAAB-CCB0-4EF6-9865-9B9D498961FC}.Debug|Any CPU.ActiveCfg = Debug|Any CPU
		{4301AAAB-CCB0-4EF6-9865-9B9D498961FC}.Debug|Any CPU.Build.0 = Debug|Any CPU
		{4301AAAB-CCB0-4EF6-9865-9B9D498961FC}.Release|Any CPU.ActiveCfg = Release|Any CPU
		{4301AAAB-CCB0-4EF6-9865-9B9D498961FC}.Release|Any CPU.Build.0 = Release|Any CPU
		{C2B516A6-0373-4D4A-B6C1-1E92402AFB85}.Debug|Any CPU.ActiveCfg = Debug|Any CPU
		{C2B516A6-0373-4D4A-B6C1-1E92402AFB85}.Debug|Any CPU.Build.0 = Debug|Any CPU
		{C2B516A6-0373-4D4A-B6C1-1E92402AFB85}.Release|Any CPU.ActiveCfg = Release|Any CPU
		{C2B516A6-0373-4D4A-B6C1-1E92402AFB85}.Release|Any CPU.Build.0 = Release|Any CPU
		{12A09756-571F-459B-91B0-70116D35C925}.Debug|Any CPU.ActiveCfg = Debug|Any CPU
		{12A09756-571F-459B-91B0-70116D35C925}.Debug|Any CPU.Build.0 = Debug|Any CPU
		{12A09756-571F-459B-91B0-70116D35C925}.Release|Any CPU.ActiveCfg = Release|Any CPU
		{12A09756-571F-459B-91B0-70116D35C925}.Release|Any CPU.Build.0 = Release|Any CPU
		{49F8A97E-9B1A-4367-B149-0ACDEB7D2E01}.Debug|Any CPU.ActiveCfg = Debug|Any CPU
		{49F8A97E-9B1A-4367-B149-0ACDEB7D2E01}.Debug|Any CPU.Build.0 = Debug|Any CPU
		{49F8A97E-9B1A-4367-B149-0ACDEB7D2E01}.Release|Any CPU.ActiveCfg = Release|Any CPU
		{49F8A97E-9B1A-4367-B149-0ACDEB7D2E01}.Release|Any CPU.Build.0 = Release|Any CPU
		{B6AC8122-016B-4585-B374-6410078E5DA8}.Debug|Any CPU.ActiveCfg = Debug|Any CPU
		{B6AC8122-016B-4585-B374-6410078E5DA8}.Debug|Any CPU.Build.0 = Debug|Any CPU
		{B6AC8122-016B-4585-B374-6410078E5DA8}.Release|Any CPU.ActiveCfg = Release|Any CPU
		{B6AC8122-016B-4585-B374-6410078E5DA8}.Release|Any CPU.Build.0 = Release|Any CPU
		{7AC9E7A0-FBE1-4712-BBA0-AA20AE7AF56D}.Debug|Any CPU.ActiveCfg = Debug|Any CPU
		{7AC9E7A0-FBE1-4712-BBA0-AA20AE7AF56D}.Debug|Any CPU.Build.0 = Debug|Any CPU
		{7AC9E7A0-FBE1-4712-BBA0-AA20AE7AF56D}.Release|Any CPU.ActiveCfg = Release|Any CPU
		{7AC9E7A0-FBE1-4712-BBA0-AA20AE7AF56D}.Release|Any CPU.Build.0 = Release|Any CPU
		{7D63B553-7C59-4831-9F05-9CB239CA95F1}.Debug|Any CPU.ActiveCfg = Debug|Any CPU
		{7D63B553-7C59-4831-9F05-9CB239CA95F1}.Debug|Any CPU.Build.0 = Debug|Any CPU
		{7D63B553-7C59-4831-9F05-9CB239CA95F1}.Release|Any CPU.ActiveCfg = Release|Any CPU
		{7D63B553-7C59-4831-9F05-9CB239CA95F1}.Release|Any CPU.Build.0 = Release|Any CPU
		{D25D36D3-8623-4EBA-ACB3-D4833C70B031}.Debug|Any CPU.ActiveCfg = Debug|Any CPU
		{D25D36D3-8623-4EBA-ACB3-D4833C70B031}.Debug|Any CPU.Build.0 = Debug|Any CPU
		{D25D36D3-8623-4EBA-ACB3-D4833C70B031}.Release|Any CPU.ActiveCfg = Release|Any CPU
		{D25D36D3-8623-4EBA-ACB3-D4833C70B031}.Release|Any CPU.Build.0 = Release|Any CPU
		{55C9958C-931E-46E1-9B12-9115ABEFC176}.Debug|Any CPU.ActiveCfg = Debug|Any CPU
		{55C9958C-931E-46E1-9B12-9115ABEFC176}.Debug|Any CPU.Build.0 = Debug|Any CPU
		{55C9958C-931E-46E1-9B12-9115ABEFC176}.Release|Any CPU.ActiveCfg = Release|Any CPU
		{55C9958C-931E-46E1-9B12-9115ABEFC176}.Release|Any CPU.Build.0 = Release|Any CPU
		{2DD23402-CBF8-4DAF-BA82-C9341200A7F2}.Debug|Any CPU.ActiveCfg = Debug|Any CPU
		{2DD23402-CBF8-4DAF-BA82-C9341200A7F2}.Debug|Any CPU.Build.0 = Debug|Any CPU
		{2DD23402-CBF8-4DAF-BA82-C9341200A7F2}.Release|Any CPU.ActiveCfg = Release|Any CPU
		{2DD23402-CBF8-4DAF-BA82-C9341200A7F2}.Release|Any CPU.Build.0 = Release|Any CPU
		{F155F8F4-3EC0-4583-8F04-72786A2E0BF8}.Debug|Any CPU.ActiveCfg = Debug|Any CPU
		{F155F8F4-3EC0-4583-8F04-72786A2E0BF8}.Debug|Any CPU.Build.0 = Debug|Any CPU
		{F155F8F4-3EC0-4583-8F04-72786A2E0BF8}.Release|Any CPU.ActiveCfg = Release|Any CPU
		{F155F8F4-3EC0-4583-8F04-72786A2E0BF8}.Release|Any CPU.Build.0 = Release|Any CPU
		{F40EE483-E65E-4E3D-949F-D722479D0513}.Debug|Any CPU.ActiveCfg = Debug|Any CPU
		{F40EE483-E65E-4E3D-949F-D722479D0513}.Debug|Any CPU.Build.0 = Debug|Any CPU
		{F40EE483-E65E-4E3D-949F-D722479D0513}.Release|Any CPU.ActiveCfg = Release|Any CPU
		{F40EE483-E65E-4E3D-949F-D722479D0513}.Release|Any CPU.Build.0 = Release|Any CPU
		{0D8D178A-0B80-4A27-83A3-0D35044E2030}.Debug|Any CPU.ActiveCfg = Debug|Any CPU
		{0D8D178A-0B80-4A27-83A3-0D35044E2030}.Debug|Any CPU.Build.0 = Debug|Any CPU
		{0D8D178A-0B80-4A27-83A3-0D35044E2030}.Release|Any CPU.ActiveCfg = Release|Any CPU
		{0D8D178A-0B80-4A27-83A3-0D35044E2030}.Release|Any CPU.Build.0 = Release|Any CPU
		{05C3915E-9E15-4290-A2CB-B6B31E9602FF}.Debug|Any CPU.ActiveCfg = Debug|Any CPU
		{05C3915E-9E15-4290-A2CB-B6B31E9602FF}.Debug|Any CPU.Build.0 = Debug|Any CPU
		{05C3915E-9E15-4290-A2CB-B6B31E9602FF}.Release|Any CPU.ActiveCfg = Release|Any CPU
		{05C3915E-9E15-4290-A2CB-B6B31E9602FF}.Release|Any CPU.Build.0 = Release|Any CPU
		{8E0DC225-4410-4858-9F32-3E7CA956B7CA}.Debug|Any CPU.ActiveCfg = Debug|Any CPU
		{8E0DC225-4410-4858-9F32-3E7CA956B7CA}.Debug|Any CPU.Build.0 = Debug|Any CPU
		{8E0DC225-4410-4858-9F32-3E7CA956B7CA}.Release|Any CPU.ActiveCfg = Release|Any CPU
		{8E0DC225-4410-4858-9F32-3E7CA956B7CA}.Release|Any CPU.Build.0 = Release|Any CPU
		{D5808B3F-7ABD-468C-9A78-0BA65601DA5F}.Debug|Any CPU.ActiveCfg = Debug|Any CPU
		{D5808B3F-7ABD-468C-9A78-0BA65601DA5F}.Debug|Any CPU.Build.0 = Debug|Any CPU
		{D5808B3F-7ABD-468C-9A78-0BA65601DA5F}.Release|Any CPU.ActiveCfg = Release|Any CPU
		{D5808B3F-7ABD-468C-9A78-0BA65601DA5F}.Release|Any CPU.Build.0 = Release|Any CPU
		{75E662DB-FC32-4699-8542-C6611C05D3B8}.Debug|Any CPU.ActiveCfg = Debug|Any CPU
		{75E662DB-FC32-4699-8542-C6611C05D3B8}.Debug|Any CPU.Build.0 = Debug|Any CPU
		{75E662DB-FC32-4699-8542-C6611C05D3B8}.Release|Any CPU.ActiveCfg = Release|Any CPU
		{75E662DB-FC32-4699-8542-C6611C05D3B8}.Release|Any CPU.Build.0 = Release|Any CPU
		{B781F879-DD04-46FB-8FB6-FBF2D3463F67}.Debug|Any CPU.ActiveCfg = Debug|Any CPU
		{B781F879-DD04-46FB-8FB6-FBF2D3463F67}.Debug|Any CPU.Build.0 = Debug|Any CPU
		{B781F879-DD04-46FB-8FB6-FBF2D3463F67}.Release|Any CPU.ActiveCfg = Release|Any CPU
		{B781F879-DD04-46FB-8FB6-FBF2D3463F67}.Release|Any CPU.Build.0 = Release|Any CPU
	EndGlobalSection
	GlobalSection(SolutionProperties) = preSolution
		HideSolutionNode = FALSE
	EndGlobalSection
	GlobalSection(ExtensibilityGlobals) = postSolution
		SolutionGuid = {57CAC0C5-F329-4B9B-93A6-019D4C72B144}
	EndGlobalSection
EndGlobal
