
Microsoft Visual Studio Solution File, Format Version 12.00
# Visual Studio Version 16
VisualStudioVersion = 25.0.1706.0
MinimumVisualStudioVersion = 10.0.40219.1
Project("{FAE04EC0-301F-11D3-BF4B-00C04F79EFBC}") = "NGigGossip4Nostr", "NGigGossip4Nostr\NGigGossip4Nostr.csproj", "{CF52BC74-EABB-4206-95BA-3348F1CDCE94}"
EndProject
Project("{FAE04EC0-301F-11D3-BF4B-00C04F79EFBC}") = "NGigGossipApp", "NGigGossipApp\NGigGossipApp.csproj", "{F8E7A892-825A-4DEA-B44F-BA8DB758EC08}"
EndProject
Project("{FAE04EC0-301F-11D3-BF4B-00C04F79EFBC}") = "CryptoTest", "CryptoTest\CryptoTest.csproj", "{F95166CD-AD80-4A66-AEB5-BC0F8385DCAD}"
EndProject
Project("{FAE04EC0-301F-11D3-BF4B-00C04F79EFBC}") = "GigWorkerTest", "GigWorkerTest\GigWorkerTest.csproj", "{0D21E0CF-2DB3-462E-949D-58F3C175CCBE}"
EndProject
Project("{FAE04EC0-301F-11D3-BF4B-00C04F79EFBC}") = "NGigTaxiLib", "NGigTaxiLib\NGigTaxiLib.csproj", "{227E8C73-1016-4280-A643-576A4DF781C1}"
EndProject
Project("{FAE04EC0-301F-11D3-BF4B-00C04F79EFBC}") = "GigGossipSettlerAPI", "GigGossipSettlerAPI\GigGossipSettlerAPI.csproj", "{41FE5BC4-4E78-419D-8F3D-B6FF25C31D50}"
EndProject
Project("{FAE04EC0-301F-11D3-BF4B-00C04F79EFBC}") = "LNDTest", "LNDTest\LNDTest.csproj", "{4301AAAB-CCB0-4EF6-9865-9B9D498961FC}"
EndProject
Project("{FAE04EC0-301F-11D3-BF4B-00C04F79EFBC}") = "LNDClient", "LNDClient\LNDClient.csproj", "{C2B516A6-0373-4D4A-B6C1-1E92402AFB85}"
EndProject
Project("{FAE04EC0-301F-11D3-BF4B-00C04F79EFBC}") = "GigLNDWalletAPI", "GigLNDWalletAPI\GigLNDWalletAPI.csproj", "{12A09756-571F-459B-91B0-70116D35C925}"
EndProject
Project("{FAE04EC0-301F-11D3-BF4B-00C04F79EFBC}") = "LNDWalletTester", "LNDWalletTester\LNDWalletTester.csproj", "{A01D75E1-E1CA-4BFF-AFAA-C9B0D502FFDE}"
EndProject
Project("{FAE04EC0-301F-11D3-BF4B-00C04F79EFBC}") = "CryptoToolkit", "CryptoToolkit\CryptoToolkit.csproj", "{49F8A97E-9B1A-4367-B149-0ACDEB7D2E01}"
EndProject
Global
	GlobalSection(SolutionConfigurationPlatforms) = preSolution
		Debug|Any CPU = Debug|Any CPU
		Release|Any CPU = Release|Any CPU
	EndGlobalSection
	GlobalSection(ProjectConfigurationPlatforms) = postSolution
		{CF52BC74-EABB-4206-95BA-3348F1CDCE94}.Debug|Any CPU.ActiveCfg = Debug|Any CPU
		{CF52BC74-EABB-4206-95BA-3348F1CDCE94}.Debug|Any CPU.Build.0 = Debug|Any CPU
		{CF52BC74-EABB-4206-95BA-3348F1CDCE94}.Release|Any CPU.ActiveCfg = Release|Any CPU
		{CF52BC74-EABB-4206-95BA-3348F1CDCE94}.Release|Any CPU.Build.0 = Release|Any CPU
		{F8E7A892-825A-4DEA-B44F-BA8DB758EC08}.Debug|Any CPU.ActiveCfg = Debug|Any CPU
		{F8E7A892-825A-4DEA-B44F-BA8DB758EC08}.Debug|Any CPU.Build.0 = Debug|Any CPU
		{F8E7A892-825A-4DEA-B44F-BA8DB758EC08}.Release|Any CPU.ActiveCfg = Release|Any CPU
		{F8E7A892-825A-4DEA-B44F-BA8DB758EC08}.Release|Any CPU.Build.0 = Release|Any CPU
		{F95166CD-AD80-4A66-AEB5-BC0F8385DCAD}.Debug|Any CPU.ActiveCfg = Debug|Any CPU
		{F95166CD-AD80-4A66-AEB5-BC0F8385DCAD}.Debug|Any CPU.Build.0 = Debug|Any CPU
		{F95166CD-AD80-4A66-AEB5-BC0F8385DCAD}.Release|Any CPU.ActiveCfg = Release|Any CPU
		{F95166CD-AD80-4A66-AEB5-BC0F8385DCAD}.Release|Any CPU.Build.0 = Release|Any CPU
		{0D21E0CF-2DB3-462E-949D-58F3C175CCBE}.Debug|Any CPU.ActiveCfg = Debug|Any CPU
		{0D21E0CF-2DB3-462E-949D-58F3C175CCBE}.Debug|Any CPU.Build.0 = Debug|Any CPU
		{0D21E0CF-2DB3-462E-949D-58F3C175CCBE}.Release|Any CPU.ActiveCfg = Release|Any CPU
		{0D21E0CF-2DB3-462E-949D-58F3C175CCBE}.Release|Any CPU.Build.0 = Release|Any CPU
		{227E8C73-1016-4280-A643-576A4DF781C1}.Debug|Any CPU.ActiveCfg = Debug|Any CPU
		{227E8C73-1016-4280-A643-576A4DF781C1}.Debug|Any CPU.Build.0 = Debug|Any CPU
		{227E8C73-1016-4280-A643-576A4DF781C1}.Release|Any CPU.ActiveCfg = Release|Any CPU
		{227E8C73-1016-4280-A643-576A4DF781C1}.Release|Any CPU.Build.0 = Release|Any CPU
		{41FE5BC4-4E78-419D-8F3D-B6FF25C31D50}.Debug|Any CPU.ActiveCfg = Debug|Any CPU
		{41FE5BC4-4E78-419D-8F3D-B6FF25C31D50}.Debug|Any CPU.Build.0 = Debug|Any CPU
		{41FE5BC4-4E78-419D-8F3D-B6FF25C31D50}.Release|Any CPU.ActiveCfg = Release|Any CPU
		{41FE5BC4-4E78-419D-8F3D-B6FF25C31D50}.Release|Any CPU.Build.0 = Release|Any CPU
		{4301AAAB-CCB0-4EF6-9865-9B9D498961FC}.Debug|Any CPU.ActiveCfg = Debug|Any CPU
		{4301AAAB-CCB0-4EF6-9865-9B9D498961FC}.Debug|Any CPU.Build.0 = Debug|Any CPU
		{4301AAAB-CCB0-4EF6-9865-9B9D498961FC}.Release|Any CPU.ActiveCfg = Release|Any CPU
		{4301AAAB-CCB0-4EF6-9865-9B9D498961FC}.Release|Any CPU.Build.0 = Release|Any CPU
		{C2B516A6-0373-4D4A-B6C1-1E92402AFB85}.Debug|Any CPU.ActiveCfg = Debug|Any CPU
		{C2B516A6-0373-4D4A-B6C1-1E92402AFB85}.Debug|Any CPU.Build.0 = Debug|Any CPU
		{C2B516A6-0373-4D4A-B6C1-1E92402AFB85}.Release|Any CPU.ActiveCfg = Release|Any CPU
		{C2B516A6-0373-4D4A-B6C1-1E92402AFB85}.Release|Any CPU.Build.0 = Release|Any CPU
		{12A09756-571F-459B-91B0-70116D35C925}.Debug|Any CPU.ActiveCfg = Debug|Any CPU
		{12A09756-571F-459B-91B0-70116D35C925}.Debug|Any CPU.Build.0 = Debug|Any CPU
		{12A09756-571F-459B-91B0-70116D35C925}.Release|Any CPU.ActiveCfg = Release|Any CPU
		{12A09756-571F-459B-91B0-70116D35C925}.Release|Any CPU.Build.0 = Release|Any CPU
		{A01D75E1-E1CA-4BFF-AFAA-C9B0D502FFDE}.Debug|Any CPU.ActiveCfg = Debug|Any CPU
		{A01D75E1-E1CA-4BFF-AFAA-C9B0D502FFDE}.Debug|Any CPU.Build.0 = Debug|Any CPU
		{A01D75E1-E1CA-4BFF-AFAA-C9B0D502FFDE}.Release|Any CPU.ActiveCfg = Release|Any CPU
		{A01D75E1-E1CA-4BFF-AFAA-C9B0D502FFDE}.Release|Any CPU.Build.0 = Release|Any CPU
		{49F8A97E-9B1A-4367-B149-0ACDEB7D2E01}.Debug|Any CPU.ActiveCfg = Debug|Any CPU
		{49F8A97E-9B1A-4367-B149-0ACDEB7D2E01}.Debug|Any CPU.Build.0 = Debug|Any CPU
		{49F8A97E-9B1A-4367-B149-0ACDEB7D2E01}.Release|Any CPU.ActiveCfg = Release|Any CPU
		{49F8A97E-9B1A-4367-B149-0ACDEB7D2E01}.Release|Any CPU.Build.0 = Release|Any CPU
	EndGlobalSection
	GlobalSection(SolutionProperties) = preSolution
		HideSolutionNode = FALSE
	EndGlobalSection
	GlobalSection(ExtensibilityGlobals) = postSolution
		SolutionGuid = {57CAC0C5-F329-4B9B-93A6-019D4C72B144}
	EndGlobalSection
EndGlobal
